
Microsoft Visual Studio Solution File, Format Version 12.00
# Visual Studio Version 17
VisualStudioVersion = 17.6.33829.357
MinimumVisualStudioVersion = 10.0.40219.1
Project("{FAE04EC0-301F-11D3-BF4B-00C04F79EFBC}") = "Api.Categorias", "Api.Categorias\Api.Categorias.csproj", "{0DC910DF-706F-410A-9AAE-D9242F89B36C}"
EndProject
Global
	GlobalSection(SolutionConfigurationPlatforms) = preSolution
		Debug|Any CPU = Debug|Any CPU
		Release|Any CPU = Release|Any CPU
	EndGlobalSection
	GlobalSection(ProjectConfigurationPlatforms) = postSolution
		{0DC910DF-706F-410A-9AAE-D9242F89B36C}.Debug|Any CPU.ActiveCfg = Debug|Any CPU
		{0DC910DF-706F-410A-9AAE-D9242F89B36C}.Debug|Any CPU.Build.0 = Debug|Any CPU
		{0DC910DF-706F-410A-9AAE-D9242F89B36C}.Release|Any CPU.ActiveCfg = Release|Any CPU
		{0DC910DF-706F-410A-9AAE-D9242F89B36C}.Release|Any CPU.Build.0 = Release|Any CPU
	EndGlobalSection
	GlobalSection(SolutionProperties) = preSolution
		HideSolutionNode = FALSE
	EndGlobalSection
	GlobalSection(ExtensibilityGlobals) = postSolution
		SolutionGuid = {E40357B3-AD2E-454A-B585-96DF1BA97FD1}
	EndGlobalSection
EndGlobal
